
Microsoft Visual Studio Solution File, Format Version 12.00
# Visual Studio 15
VisualStudioVersion = 15.0.28307.438
MinimumVisualStudioVersion = 10.0.40219.1
Project("{FAE04EC0-301F-11D3-BF4B-00C04F79EFBC}") = "1. SRP", "1. SRP\1. SRP.csproj", "{DE18CD98-4343-429E-942A-3B50D5B0CD3D}"
EndProject
Project("{FAE04EC0-301F-11D3-BF4B-00C04F79EFBC}") = "2. OCP", "2. OCP\2. OCP.csproj", "{101D826E-E7EA-4AD4-B6C9-170E6BBC5D08}"
EndProject
Project("{FAE04EC0-301F-11D3-BF4B-00C04F79EFBC}") = "3. LSP", "3. LSP\3. LSP.csproj", "{379E329A-76C9-460E-BEFF-B49052FD039D}"
EndProject
Project("{FAE04EC0-301F-11D3-BF4B-00C04F79EFBC}") = "4. ICP", "4. ICP\4. ICP.csproj", "{8DF7B917-0DFE-4FE1-AF25-1E70582565F3}"
EndProject
Project("{FAE04EC0-301F-11D3-BF4B-00C04F79EFBC}") = "5. DIP", "5. DIP\5. DIP.csproj", "{40714A5B-5643-4299-A254-3EB0B65BED8E}"
EndProject
Global
	GlobalSection(SolutionConfigurationPlatforms) = preSolution
		Debug|Any CPU = Debug|Any CPU
		Release|Any CPU = Release|Any CPU
	EndGlobalSection
	GlobalSection(ProjectConfigurationPlatforms) = postSolution
		{DE18CD98-4343-429E-942A-3B50D5B0CD3D}.Debug|Any CPU.ActiveCfg = Debug|Any CPU
		{DE18CD98-4343-429E-942A-3B50D5B0CD3D}.Debug|Any CPU.Build.0 = Debug|Any CPU
		{DE18CD98-4343-429E-942A-3B50D5B0CD3D}.Release|Any CPU.ActiveCfg = Release|Any CPU
		{DE18CD98-4343-429E-942A-3B50D5B0CD3D}.Release|Any CPU.Build.0 = Release|Any CPU
		{101D826E-E7EA-4AD4-B6C9-170E6BBC5D08}.Debug|Any CPU.ActiveCfg = Debug|Any CPU
		{101D826E-E7EA-4AD4-B6C9-170E6BBC5D08}.Debug|Any CPU.Build.0 = Debug|Any CPU
		{101D826E-E7EA-4AD4-B6C9-170E6BBC5D08}.Release|Any CPU.ActiveCfg = Release|Any CPU
		{101D826E-E7EA-4AD4-B6C9-170E6BBC5D08}.Release|Any CPU.Build.0 = Release|Any CPU
		{379E329A-76C9-460E-BEFF-B49052FD039D}.Debug|Any CPU.ActiveCfg = Debug|Any CPU
		{379E329A-76C9-460E-BEFF-B49052FD039D}.Debug|Any CPU.Build.0 = Debug|Any CPU
		{379E329A-76C9-460E-BEFF-B49052FD039D}.Release|Any CPU.ActiveCfg = Release|Any CPU
		{379E329A-76C9-460E-BEFF-B49052FD039D}.Release|Any CPU.Build.0 = Release|Any CPU
		{8DF7B917-0DFE-4FE1-AF25-1E70582565F3}.Debug|Any CPU.ActiveCfg = Debug|Any CPU
		{8DF7B917-0DFE-4FE1-AF25-1E70582565F3}.Debug|Any CPU.Build.0 = Debug|Any CPU
		{8DF7B917-0DFE-4FE1-AF25-1E70582565F3}.Release|Any CPU.ActiveCfg = Release|Any CPU
		{8DF7B917-0DFE-4FE1-AF25-1E70582565F3}.Release|Any CPU.Build.0 = Release|Any CPU
		{40714A5B-5643-4299-A254-3EB0B65BED8E}.Debug|Any CPU.ActiveCfg = Debug|Any CPU
		{40714A5B-5643-4299-A254-3EB0B65BED8E}.Debug|Any CPU.Build.0 = Debug|Any CPU
		{40714A5B-5643-4299-A254-3EB0B65BED8E}.Release|Any CPU.ActiveCfg = Release|Any CPU
		{40714A5B-5643-4299-A254-3EB0B65BED8E}.Release|Any CPU.Build.0 = Release|Any CPU
	EndGlobalSection
	GlobalSection(SolutionProperties) = preSolution
		HideSolutionNode = FALSE
	EndGlobalSection
	GlobalSection(ExtensibilityGlobals) = postSolution
		SolutionGuid = {CBEEB149-5DDF-41D8-89F6-B5E99A85A585}
	EndGlobalSection
EndGlobal
